
Microsoft Visual Studio Solution File, Format Version 12.00
# Visual Studio Version 16
VisualStudioVersion = 16.0.31911.196
MinimumVisualStudioVersion = 10.0.40219.1
Project("{FAE04EC0-301F-11D3-BF4B-00C04F79EFBC}") = "BuilderDesignPattern", "BuilderDesignPattern\BuilderDesignPattern.csproj", "{F5AE707C-9F90-4FA8-B05B-3933868706CD}"
EndProject
Global
	GlobalSection(SolutionConfigurationPlatforms) = preSolution
		Debug|Any CPU = Debug|Any CPU
		Release|Any CPU = Release|Any CPU
	EndGlobalSection
	GlobalSection(ProjectConfigurationPlatforms) = postSolution
		{F5AE707C-9F90-4FA8-B05B-3933868706CD}.Debug|Any CPU.ActiveCfg = Debug|Any CPU
		{F5AE707C-9F90-4FA8-B05B-3933868706CD}.Debug|Any CPU.Build.0 = Debug|Any CPU
		{F5AE707C-9F90-4FA8-B05B-3933868706CD}.Release|Any CPU.ActiveCfg = Release|Any CPU
		{F5AE707C-9F90-4FA8-B05B-3933868706CD}.Release|Any CPU.Build.0 = Release|Any CPU
	EndGlobalSection
	GlobalSection(SolutionProperties) = preSolution
		HideSolutionNode = FALSE
	EndGlobalSection
	GlobalSection(ExtensibilityGlobals) = postSolution
		SolutionGuid = {2B519829-A73A-4038-938D-3D50BC85C5BD}
	EndGlobalSection
EndGlobal
